
Microsoft Visual Studio Solution File, Format Version 11.00
# Visual Studio 2010
Project("{FAE04EC0-301F-11D3-BF4B-00C04F79EFBC}") = "Assembly-CSharp", "Assembly-CSharp.csproj", "{bb15f98d-7125-74ca-bb0c-5948be7e3aef}"
EndProject
Project("{FAE04EC0-301F-11D3-BF4B-00C04F79EFBC}") = "Sirenix.OdinInspector.CompatibilityLayer", "Sirenix.OdinInspector.CompatibilityLayer.csproj", "{a79b452e-295f-c1fb-e009-bb0ef3f4832c}"
EndProject
Project("{FAE04EC0-301F-11D3-BF4B-00C04F79EFBC}") = "Assembly-CSharp-firstpass", "Assembly-CSharp-firstpass.csproj", "{53d856eb-535b-2c45-d726-3fc6ffea5df8}"
EndProject
Project("{FAE04EC0-301F-11D3-BF4B-00C04F79EFBC}") = "Sirenix.OdinInspector.CompatibilityLayer.Editor", "Sirenix.OdinInspector.CompatibilityLayer.Editor.csproj", "{ab2aab00-b162-d992-e605-00b22f1f1e06}"
EndProject
Project("{FAE04EC0-301F-11D3-BF4B-00C04F79EFBC}") = "Assembly-CSharp-Editor-firstpass", "Assembly-CSharp-Editor-firstpass.csproj", "{1ccf4c5d-2952-48d4-bc23-b90932d53be0}"
EndProject
Global
	GlobalSection(SolutionConfigurationPlatforms) = preSolution
		Debug|Any CPU = Debug|Any CPU
	EndGlobalSection
	GlobalSection(ProjectConfigurationPlatforms) = postSolution
		{bb15f98d-7125-74ca-bb0c-5948be7e3aef}.Debug|Any CPU.ActiveCfg = Debug|Any CPU
		{bb15f98d-7125-74ca-bb0c-5948be7e3aef}.Debug|Any CPU.Build.0 = Debug|Any CPU
		{a79b452e-295f-c1fb-e009-bb0ef3f4832c}.Debug|Any CPU.ActiveCfg = Debug|Any CPU
		{a79b452e-295f-c1fb-e009-bb0ef3f4832c}.Debug|Any CPU.Build.0 = Debug|Any CPU
		{53d856eb-535b-2c45-d726-3fc6ffea5df8}.Debug|Any CPU.ActiveCfg = Debug|Any CPU
		{53d856eb-535b-2c45-d726-3fc6ffea5df8}.Debug|Any CPU.Build.0 = Debug|Any CPU
		{ab2aab00-b162-d992-e605-00b22f1f1e06}.Debug|Any CPU.ActiveCfg = Debug|Any CPU
		{ab2aab00-b162-d992-e605-00b22f1f1e06}.Debug|Any CPU.Build.0 = Debug|Any CPU
		{1ccf4c5d-2952-48d4-bc23-b90932d53be0}.Debug|Any CPU.ActiveCfg = Debug|Any CPU
		{1ccf4c5d-2952-48d4-bc23-b90932d53be0}.Debug|Any CPU.Build.0 = Debug|Any CPU
	EndGlobalSection
	GlobalSection(SolutionProperties) = preSolution
		HideSolutionNode = FALSE
	EndGlobalSection
EndGlobal
